
Microsoft Visual Studio Solution File, Format Version 12.00
# Visual Studio 2012
Project("{FAE04EC0-301F-11D3-BF4B-00C04F79EFBC}") = "TM_AMS_SignalR", "TM_AMS_SignalR\TM_AMS_SignalR.csproj", "{59083562-3294-4E4E-AAEA-765D1E720F54}"
EndProject
Global
	GlobalSection(SolutionConfigurationPlatforms) = preSolution
		Debug|Any CPU = Debug|Any CPU
		Release|Any CPU = Release|Any CPU
	EndGlobalSection
	GlobalSection(ProjectConfigurationPlatforms) = postSolution
		{59083562-3294-4E4E-AAEA-765D1E720F54}.Debug|Any CPU.ActiveCfg = Debug|Any CPU
		{59083562-3294-4E4E-AAEA-765D1E720F54}.Debug|Any CPU.Build.0 = Debug|Any CPU
		{59083562-3294-4E4E-AAEA-765D1E720F54}.Release|Any CPU.ActiveCfg = Release|Any CPU
		{59083562-3294-4E4E-AAEA-765D1E720F54}.Release|Any CPU.Build.0 = Release|Any CPU
	EndGlobalSection
	GlobalSection(SolutionProperties) = preSolution
		HideSolutionNode = FALSE
	EndGlobalSection
EndGlobal
